
Microsoft Visual Studio Solution File, Format Version 12.00
# Visual Studio 15
VisualStudioVersion = 15.0.28307.168
MinimumVisualStudioVersion = 10.0.40219.1
Project("{9A19103F-16F7-4668-BE54-9A1E7A4F7556}") = "Ksiegowa2019", "Ksiegowa2019\Ksiegowa2019.csproj", "{0ADE401D-E7DF-4B47-9199-B696914D5406}"
EndProject
Global
	GlobalSection(SolutionConfigurationPlatforms) = preSolution
		Debug|Any CPU = Debug|Any CPU
		Release|Any CPU = Release|Any CPU
	EndGlobalSection
	GlobalSection(ProjectConfigurationPlatforms) = postSolution
		{0ADE401D-E7DF-4B47-9199-B696914D5406}.Debug|Any CPU.ActiveCfg = Debug|Any CPU
		{0ADE401D-E7DF-4B47-9199-B696914D5406}.Debug|Any CPU.Build.0 = Debug|Any CPU
		{0ADE401D-E7DF-4B47-9199-B696914D5406}.Release|Any CPU.ActiveCfg = Release|Any CPU
		{0ADE401D-E7DF-4B47-9199-B696914D5406}.Release|Any CPU.Build.0 = Release|Any CPU
	EndGlobalSection
	GlobalSection(SolutionProperties) = preSolution
		HideSolutionNode = FALSE
	EndGlobalSection
	GlobalSection(ExtensibilityGlobals) = postSolution
		SolutionGuid = {279AA425-537A-4BA3-9B77-1E5BF0B32738}
	EndGlobalSection
EndGlobal
